// !$*UTF8*$!
{
	archiveVersion = 1;
	classes = {
	};
	objectVersion = 56;
	objects = {

/* Begin PBXBuildFile section */
		632F61932B209E4D0040CD1D /* Day5.swift in Sources */ = {isa = PBXBuildFile; fileRef = 632F61922B209E4D0040CD1D /* Day5.swift */; };
		632F61952B209E5B0040CD1D /* Day5Input.swift in Sources */ = {isa = PBXBuildFile; fileRef = 632F61942B209E5B0040CD1D /* Day5Input.swift */; };
		632F61972B209E640040CD1D /* Day5InputSample.swift in Sources */ = {isa = PBXBuildFile; fileRef = 632F61962B209E640040CD1D /* Day5InputSample.swift */; };
		632F61992B209E9E0040CD1D /* Day5Almanac.swift in Sources */ = {isa = PBXBuildFile; fileRef = 632F61982B209E9E0040CD1D /* Day5Almanac.swift */; };
		6355C7FB2B294A2A007A88DF /* Day12.swift in Sources */ = {isa = PBXBuildFile; fileRef = 6355C7FA2B294A2A007A88DF /* Day12.swift */; };
		6355C7FD2B294A32007A88DF /* Day12Input.swift in Sources */ = {isa = PBXBuildFile; fileRef = 6355C7FC2B294A32007A88DF /* Day12Input.swift */; };
		6355C7FF2B294A3B007A88DF /* Day12InputSample.swift in Sources */ = {isa = PBXBuildFile; fileRef = 6355C7FE2B294A3B007A88DF /* Day12InputSample.swift */; };
		6355C8012B294A5F007A88DF /* Day12Springs.swift in Sources */ = {isa = PBXBuildFile; fileRef = 6355C8002B294A5F007A88DF /* Day12Springs.swift */; };
		6355C8032B2A17C5007A88DF /* Range.swift in Sources */ = {isa = PBXBuildFile; fileRef = 6355C8022B2A17C5007A88DF /* Range.swift */; };
		6394FF502B1B840700867949 /* main.swift in Sources */ = {isa = PBXBuildFile; fileRef = 6394FF4F2B1B840700867949 /* main.swift */; };
		6394FF582B1B843C00867949 /* Day1.swift in Sources */ = {isa = PBXBuildFile; fileRef = 6394FF572B1B843C00867949 /* Day1.swift */; };
		6394FF5A2B1B861600867949 /* DayOfCode.swift in Sources */ = {isa = PBXBuildFile; fileRef = 6394FF592B1B861600867949 /* DayOfCode.swift */; };
		6394FF5E2B1B9FB800867949 /* Day1InputSample1.swift in Sources */ = {isa = PBXBuildFile; fileRef = 6394FF5D2B1B9FB800867949 /* Day1InputSample1.swift */; };
		6394FF602B1BA05300867949 /* DayOfCodeInput.swift in Sources */ = {isa = PBXBuildFile; fileRef = 6394FF5F2B1BA05300867949 /* DayOfCodeInput.swift */; };
		6394FF622B1BA0CC00867949 /* Day1Input.swift in Sources */ = {isa = PBXBuildFile; fileRef = 6394FF612B1BA0CC00867949 /* Day1Input.swift */; };
		6394FF642B1BB53100867949 /* Day1InputSample2.swift in Sources */ = {isa = PBXBuildFile; fileRef = 6394FF632B1BB53100867949 /* Day1InputSample2.swift */; };
		6394FF6A2B1BE14C00867949 /* Day2.swift in Sources */ = {isa = PBXBuildFile; fileRef = 6394FF692B1BE14C00867949 /* Day2.swift */; };
		6394FF6C2B1BE17000867949 /* Day2InputSample.swift in Sources */ = {isa = PBXBuildFile; fileRef = 6394FF6B2B1BE17000867949 /* Day2InputSample.swift */; };
		6394FF6E2B1BE20200867949 /* Day2Game.swift in Sources */ = {isa = PBXBuildFile; fileRef = 6394FF6D2B1BE20200867949 /* Day2Game.swift */; };
		6394FF702B1BED1900867949 /* Error.swift in Sources */ = {isa = PBXBuildFile; fileRef = 6394FF6F2B1BED1900867949 /* Error.swift */; };
		6394FF722B1BFE6500867949 /* Day2Input.swift in Sources */ = {isa = PBXBuildFile; fileRef = 6394FF712B1BFE6500867949 /* Day2Input.swift */; };
		6394FF752B1CC5C900867949 /* Day3.swift in Sources */ = {isa = PBXBuildFile; fileRef = 6394FF742B1CC5C900867949 /* Day3.swift */; };
		6394FF772B1CC5DA00867949 /* Day3InputSample.swift in Sources */ = {isa = PBXBuildFile; fileRef = 6394FF762B1CC5DA00867949 /* Day3InputSample.swift */; };
		6394FF792B1CC5E300867949 /* Day3Input.swift in Sources */ = {isa = PBXBuildFile; fileRef = 6394FF782B1CC5E300867949 /* Day3Input.swift */; };
		6394FF7B2B1CC68300867949 /* Day3Engine.swift in Sources */ = {isa = PBXBuildFile; fileRef = 6394FF7A2B1CC68300867949 /* Day3Engine.swift */; };
		6394FF7D2B1CD40500867949 /* ArrayExt.swift in Sources */ = {isa = PBXBuildFile; fileRef = 6394FF7C2B1CD40500867949 /* ArrayExt.swift */; };
		6394FF802B1E88A300867949 /* Day4.swift in Sources */ = {isa = PBXBuildFile; fileRef = 6394FF7F2B1E88A300867949 /* Day4.swift */; };
		6394FF832B1E88C500867949 /* Day4InputSample.swift in Sources */ = {isa = PBXBuildFile; fileRef = 6394FF822B1E88C500867949 /* Day4InputSample.swift */; };
		6394FF852B1E88D600867949 /* Day4Input.swift in Sources */ = {isa = PBXBuildFile; fileRef = 6394FF842B1E88D600867949 /* Day4Input.swift */; };
		6394FF872B1E897B00867949 /* Day4Lottery.swift in Sources */ = {isa = PBXBuildFile; fileRef = 6394FF862B1E897B00867949 /* Day4Lottery.swift */; };
		63BFA8262B22A98B0057CE10 /* Day6.swift in Sources */ = {isa = PBXBuildFile; fileRef = 63BFA8252B22A98B0057CE10 /* Day6.swift */; };
		63BFA8282B22A99D0057CE10 /* Day6Race.swift in Sources */ = {isa = PBXBuildFile; fileRef = 63BFA8272B22A99D0057CE10 /* Day6Race.swift */; };
		63BFA82A2B22A9A60057CE10 /* Day6Input.swift in Sources */ = {isa = PBXBuildFile; fileRef = 63BFA8292B22A9A60057CE10 /* Day6Input.swift */; };
		63BFA82C2B22A9B20057CE10 /* Day6InputSample.swift in Sources */ = {isa = PBXBuildFile; fileRef = 63BFA82B2B22A9B20057CE10 /* Day6InputSample.swift */; };
		63FC95C42B22BAD500A073DB /* Day7.swift in Sources */ = {isa = PBXBuildFile; fileRef = 63FC95C32B22BAD500A073DB /* Day7.swift */; };
		63FC95C62B22BADD00A073DB /* Day7Input.swift in Sources */ = {isa = PBXBuildFile; fileRef = 63FC95C52B22BADD00A073DB /* Day7Input.swift */; };
		63FC95C82B22BAE900A073DB /* Day7InputSample.swift in Sources */ = {isa = PBXBuildFile; fileRef = 63FC95C72B22BAE900A073DB /* Day7InputSample.swift */; };
		63FC95CA2B22BAFE00A073DB /* Day7CamelCards.swift in Sources */ = {isa = PBXBuildFile; fileRef = 63FC95C92B22BAFE00A073DB /* Day7CamelCards.swift */; };
		63FC95CD2B23814300A073DB /* Day8.swift in Sources */ = {isa = PBXBuildFile; fileRef = 63FC95CC2B23814300A073DB /* Day8.swift */; };
		63FC95CF2B23814E00A073DB /* Day8Input.swift in Sources */ = {isa = PBXBuildFile; fileRef = 63FC95CE2B23814E00A073DB /* Day8Input.swift */; };
		63FC95D12B23815900A073DB /* Day8InputSampleA.swift in Sources */ = {isa = PBXBuildFile; fileRef = 63FC95D02B23815900A073DB /* Day8InputSampleA.swift */; };
		63FC95D32B23816400A073DB /* Day8Map.swift in Sources */ = {isa = PBXBuildFile; fileRef = 63FC95D22B23816400A073DB /* Day8Map.swift */; };
		63FC95D52B23818700A073DB /* Day8InputSampleB.swift in Sources */ = {isa = PBXBuildFile; fileRef = 63FC95D42B23818700A073DB /* Day8InputSampleB.swift */; };
		63FC95D72B240EBA00A073DB /* Day8InputSampleC.swift in Sources */ = {isa = PBXBuildFile; fileRef = 63FC95D62B240EBA00A073DB /* Day8InputSampleC.swift */; };
		63FC95DA2B24B95B00A073DB /* Day9.swift in Sources */ = {isa = PBXBuildFile; fileRef = 63FC95D92B24B95B00A073DB /* Day9.swift */; };
		63FC95DC2B24B96400A073DB /* Day9Input.swift in Sources */ = {isa = PBXBuildFile; fileRef = 63FC95DB2B24B96400A073DB /* Day9Input.swift */; };
		63FC95DE2B24B97300A073DB /* Day9InputSample.swift in Sources */ = {isa = PBXBuildFile; fileRef = 63FC95DD2B24B97300A073DB /* Day9InputSample.swift */; };
		63FC95E02B24B99D00A073DB /* Day9OASIS.swift in Sources */ = {isa = PBXBuildFile; fileRef = 63FC95DF2B24B99D00A073DB /* Day9OASIS.swift */; };
		63FC95E32B2609D900A073DB /* Day10.swift in Sources */ = {isa = PBXBuildFile; fileRef = 63FC95E22B2609D900A073DB /* Day10.swift */; };
		63FC95E52B2609ED00A073DB /* Day10Input.swift in Sources */ = {isa = PBXBuildFile; fileRef = 63FC95E42B2609ED00A073DB /* Day10Input.swift */; };
		63FC95E72B2609F900A073DB /* Day10InputSampleA.swift in Sources */ = {isa = PBXBuildFile; fileRef = 63FC95E62B2609F900A073DB /* Day10InputSampleA.swift */; };
		63FC95E92B260A0700A073DB /* Day10InputSampleB.swift in Sources */ = {isa = PBXBuildFile; fileRef = 63FC95E82B260A0700A073DB /* Day10InputSampleB.swift */; };
		63FC95EB2B260A1000A073DB /* Day10Maze.swift in Sources */ = {isa = PBXBuildFile; fileRef = 63FC95EA2B260A1000A073DB /* Day10Maze.swift */; };
		63FC95ED2B26BF3300A073DB /* Day10InputSampleC.swift in Sources */ = {isa = PBXBuildFile; fileRef = 63FC95EC2B26BF3300A073DB /* Day10InputSampleC.swift */; };
		63FC95EF2B26C22200A073DB /* Day10InputSampleD.swift in Sources */ = {isa = PBXBuildFile; fileRef = 63FC95EE2B26C22200A073DB /* Day10InputSampleD.swift */; };
		63FC95F12B26C23800A073DB /* Day10InputSampleE.swift in Sources */ = {isa = PBXBuildFile; fileRef = 63FC95F02B26C23800A073DB /* Day10InputSampleE.swift */; };
		63FC95F42B27F36D00A073DB /* Day11.swift in Sources */ = {isa = PBXBuildFile; fileRef = 63FC95F32B27F36D00A073DB /* Day11.swift */; };
		63FC95F62B27F37E00A073DB /* Day11Input.swift in Sources */ = {isa = PBXBuildFile; fileRef = 63FC95F52B27F37E00A073DB /* Day11Input.swift */; };
		63FC95F82B27F38900A073DB /* Day11InputSample.swift in Sources */ = {isa = PBXBuildFile; fileRef = 63FC95F72B27F38900A073DB /* Day11InputSample.swift */; };
		63FC95FA2B27F39700A073DB /* Day11Telescope.swift in Sources */ = {isa = PBXBuildFile; fileRef = 63FC95F92B27F39700A073DB /* Day11Telescope.swift */; };
/* End PBXBuildFile section */

/* Begin PBXCopyFilesBuildPhase section */
		6394FF4A2B1B840700867949 /* CopyFiles */ = {
			isa = PBXCopyFilesBuildPhase;
			buildActionMask = 2147483647;
			dstPath = /usr/share/man/man1/;
			dstSubfolderSpec = 0;
			files = (
			);
			runOnlyForDeploymentPostprocessing = 1;
		};
/* End PBXCopyFilesBuildPhase section */

/* Begin PBXFileReference section */
		632F61922B209E4D0040CD1D /* Day5.swift */ = {isa = PBXFileReference; lastKnownFileType = sourcecode.swift; path = Day5.swift; sourceTree = "<group>"; };
		632F61942B209E5B0040CD1D /* Day5Input.swift */ = {isa = PBXFileReference; lastKnownFileType = sourcecode.swift; path = Day5Input.swift; sourceTree = "<group>"; };
		632F61962B209E640040CD1D /* Day5InputSample.swift */ = {isa = PBXFileReference; lastKnownFileType = sourcecode.swift; path = Day5InputSample.swift; sourceTree = "<group>"; };
		632F61982B209E9E0040CD1D /* Day5Almanac.swift */ = {isa = PBXFileReference; lastKnownFileType = sourcecode.swift; path = Day5Almanac.swift; sourceTree = "<group>"; };
		6355C7FA2B294A2A007A88DF /* Day12.swift */ = {isa = PBXFileReference; lastKnownFileType = sourcecode.swift; path = Day12.swift; sourceTree = "<group>"; };
		6355C7FC2B294A32007A88DF /* Day12Input.swift */ = {isa = PBXFileReference; lastKnownFileType = sourcecode.swift; path = Day12Input.swift; sourceTree = "<group>"; };
		6355C7FE2B294A3B007A88DF /* Day12InputSample.swift */ = {isa = PBXFileReference; lastKnownFileType = sourcecode.swift; path = Day12InputSample.swift; sourceTree = "<group>"; };
		6355C8002B294A5F007A88DF /* Day12Springs.swift */ = {isa = PBXFileReference; lastKnownFileType = sourcecode.swift; path = Day12Springs.swift; sourceTree = "<group>"; };
		6355C8022B2A17C5007A88DF /* Range.swift */ = {isa = PBXFileReference; lastKnownFileType = sourcecode.swift; path = Range.swift; sourceTree = "<group>"; };
		6394FF4C2B1B840700867949 /* advent-of-code-2023 */ = {isa = PBXFileReference; explicitFileType = "compiled.mach-o.executable"; includeInIndex = 0; path = "advent-of-code-2023"; sourceTree = BUILT_PRODUCTS_DIR; };
		6394FF4F2B1B840700867949 /* main.swift */ = {isa = PBXFileReference; lastKnownFileType = sourcecode.swift; path = main.swift; sourceTree = "<group>"; };
		6394FF572B1B843C00867949 /* Day1.swift */ = {isa = PBXFileReference; lastKnownFileType = sourcecode.swift; path = Day1.swift; sourceTree = "<group>"; };
		6394FF592B1B861600867949 /* DayOfCode.swift */ = {isa = PBXFileReference; lastKnownFileType = sourcecode.swift; path = DayOfCode.swift; sourceTree = "<group>"; };
		6394FF5D2B1B9FB800867949 /* Day1InputSample1.swift */ = {isa = PBXFileReference; lastKnownFileType = sourcecode.swift; path = Day1InputSample1.swift; sourceTree = "<group>"; };
		6394FF5F2B1BA05300867949 /* DayOfCodeInput.swift */ = {isa = PBXFileReference; lastKnownFileType = sourcecode.swift; path = DayOfCodeInput.swift; sourceTree = "<group>"; };
		6394FF612B1BA0CC00867949 /* Day1Input.swift */ = {isa = PBXFileReference; fileEncoding = 4; lastKnownFileType = sourcecode.swift; path = Day1Input.swift; sourceTree = "<group>"; };
		6394FF632B1BB53100867949 /* Day1InputSample2.swift */ = {isa = PBXFileReference; fileEncoding = 4; lastKnownFileType = sourcecode.swift; path = Day1InputSample2.swift; sourceTree = "<group>"; };
		6394FF652B1BBC6800867949 /* README.md */ = {isa = PBXFileReference; fileEncoding = 4; lastKnownFileType = net.daringfireball.markdown; path = README.md; sourceTree = "<group>"; };
		6394FF692B1BE14C00867949 /* Day2.swift */ = {isa = PBXFileReference; fileEncoding = 4; lastKnownFileType = sourcecode.swift; name = Day2.swift; path = "advent-of-code-2023/day-2/Day2.swift"; sourceTree = SOURCE_ROOT; };
		6394FF6B2B1BE17000867949 /* Day2InputSample.swift */ = {isa = PBXFileReference; fileEncoding = 4; lastKnownFileType = sourcecode.swift; path = Day2InputSample.swift; sourceTree = "<group>"; };
		6394FF6D2B1BE20200867949 /* Day2Game.swift */ = {isa = PBXFileReference; lastKnownFileType = sourcecode.swift; path = Day2Game.swift; sourceTree = "<group>"; };
		6394FF6F2B1BED1900867949 /* Error.swift */ = {isa = PBXFileReference; lastKnownFileType = sourcecode.swift; path = Error.swift; sourceTree = "<group>"; };
		6394FF712B1BFE6500867949 /* Day2Input.swift */ = {isa = PBXFileReference; fileEncoding = 4; lastKnownFileType = sourcecode.swift; path = Day2Input.swift; sourceTree = "<group>"; };
		6394FF742B1CC5C900867949 /* Day3.swift */ = {isa = PBXFileReference; lastKnownFileType = sourcecode.swift; path = Day3.swift; sourceTree = "<group>"; };
		6394FF762B1CC5DA00867949 /* Day3InputSample.swift */ = {isa = PBXFileReference; lastKnownFileType = sourcecode.swift; path = Day3InputSample.swift; sourceTree = "<group>"; };
		6394FF782B1CC5E300867949 /* Day3Input.swift */ = {isa = PBXFileReference; lastKnownFileType = sourcecode.swift; path = Day3Input.swift; sourceTree = "<group>"; };
		6394FF7A2B1CC68300867949 /* Day3Engine.swift */ = {isa = PBXFileReference; lastKnownFileType = sourcecode.swift; path = Day3Engine.swift; sourceTree = "<group>"; };
		6394FF7C2B1CD40500867949 /* ArrayExt.swift */ = {isa = PBXFileReference; lastKnownFileType = sourcecode.swift; path = ArrayExt.swift; sourceTree = "<group>"; };
		6394FF7F2B1E88A300867949 /* Day4.swift */ = {isa = PBXFileReference; lastKnownFileType = sourcecode.swift; path = Day4.swift; sourceTree = "<group>"; };
		6394FF822B1E88C500867949 /* Day4InputSample.swift */ = {isa = PBXFileReference; lastKnownFileType = sourcecode.swift; path = Day4InputSample.swift; sourceTree = "<group>"; };
		6394FF842B1E88D600867949 /* Day4Input.swift */ = {isa = PBXFileReference; lastKnownFileType = sourcecode.swift; path = Day4Input.swift; sourceTree = "<group>"; };
		6394FF862B1E897B00867949 /* Day4Lottery.swift */ = {isa = PBXFileReference; lastKnownFileType = sourcecode.swift; path = Day4Lottery.swift; sourceTree = "<group>"; };
		63BFA8252B22A98B0057CE10 /* Day6.swift */ = {isa = PBXFileReference; lastKnownFileType = sourcecode.swift; path = Day6.swift; sourceTree = "<group>"; };
		63BFA8272B22A99D0057CE10 /* Day6Race.swift */ = {isa = PBXFileReference; lastKnownFileType = sourcecode.swift; path = Day6Race.swift; sourceTree = "<group>"; };
		63BFA8292B22A9A60057CE10 /* Day6Input.swift */ = {isa = PBXFileReference; lastKnownFileType = sourcecode.swift; path = Day6Input.swift; sourceTree = "<group>"; };
		63BFA82B2B22A9B20057CE10 /* Day6InputSample.swift */ = {isa = PBXFileReference; lastKnownFileType = sourcecode.swift; path = Day6InputSample.swift; sourceTree = "<group>"; };
		63FC95C32B22BAD500A073DB /* Day7.swift */ = {isa = PBXFileReference; lastKnownFileType = sourcecode.swift; path = Day7.swift; sourceTree = "<group>"; };
		63FC95C52B22BADD00A073DB /* Day7Input.swift */ = {isa = PBXFileReference; lastKnownFileType = sourcecode.swift; path = Day7Input.swift; sourceTree = "<group>"; };
		63FC95C72B22BAE900A073DB /* Day7InputSample.swift */ = {isa = PBXFileReference; lastKnownFileType = sourcecode.swift; path = Day7InputSample.swift; sourceTree = "<group>"; };
		63FC95C92B22BAFE00A073DB /* Day7CamelCards.swift */ = {isa = PBXFileReference; lastKnownFileType = sourcecode.swift; path = Day7CamelCards.swift; sourceTree = "<group>"; };
		63FC95CC2B23814300A073DB /* Day8.swift */ = {isa = PBXFileReference; lastKnownFileType = sourcecode.swift; path = Day8.swift; sourceTree = "<group>"; };
		63FC95CE2B23814E00A073DB /* Day8Input.swift */ = {isa = PBXFileReference; lastKnownFileType = sourcecode.swift; path = Day8Input.swift; sourceTree = "<group>"; };
		63FC95D02B23815900A073DB /* Day8InputSampleA.swift */ = {isa = PBXFileReference; lastKnownFileType = sourcecode.swift; path = Day8InputSampleA.swift; sourceTree = "<group>"; };
		63FC95D22B23816400A073DB /* Day8Map.swift */ = {isa = PBXFileReference; lastKnownFileType = sourcecode.swift; path = Day8Map.swift; sourceTree = "<group>"; };
		63FC95D42B23818700A073DB /* Day8InputSampleB.swift */ = {isa = PBXFileReference; lastKnownFileType = sourcecode.swift; path = Day8InputSampleB.swift; sourceTree = "<group>"; };
		63FC95D62B240EBA00A073DB /* Day8InputSampleC.swift */ = {isa = PBXFileReference; fileEncoding = 4; lastKnownFileType = sourcecode.swift; path = Day8InputSampleC.swift; sourceTree = "<group>"; };
		63FC95D92B24B95B00A073DB /* Day9.swift */ = {isa = PBXFileReference; lastKnownFileType = sourcecode.swift; path = Day9.swift; sourceTree = "<group>"; };
		63FC95DB2B24B96400A073DB /* Day9Input.swift */ = {isa = PBXFileReference; lastKnownFileType = sourcecode.swift; path = Day9Input.swift; sourceTree = "<group>"; };
		63FC95DD2B24B97300A073DB /* Day9InputSample.swift */ = {isa = PBXFileReference; lastKnownFileType = sourcecode.swift; path = Day9InputSample.swift; sourceTree = "<group>"; };
		63FC95DF2B24B99D00A073DB /* Day9OASIS.swift */ = {isa = PBXFileReference; lastKnownFileType = sourcecode.swift; path = Day9OASIS.swift; sourceTree = "<group>"; };
		63FC95E22B2609D900A073DB /* Day10.swift */ = {isa = PBXFileReference; lastKnownFileType = sourcecode.swift; path = Day10.swift; sourceTree = "<group>"; };
		63FC95E42B2609ED00A073DB /* Day10Input.swift */ = {isa = PBXFileReference; lastKnownFileType = sourcecode.swift; path = Day10Input.swift; sourceTree = "<group>"; };
		63FC95E62B2609F900A073DB /* Day10InputSampleA.swift */ = {isa = PBXFileReference; lastKnownFileType = sourcecode.swift; path = Day10InputSampleA.swift; sourceTree = "<group>"; };
		63FC95E82B260A0700A073DB /* Day10InputSampleB.swift */ = {isa = PBXFileReference; lastKnownFileType = sourcecode.swift; path = Day10InputSampleB.swift; sourceTree = "<group>"; };
		63FC95EA2B260A1000A073DB /* Day10Maze.swift */ = {isa = PBXFileReference; lastKnownFileType = sourcecode.swift; path = Day10Maze.swift; sourceTree = "<group>"; };
		63FC95EC2B26BF3300A073DB /* Day10InputSampleC.swift */ = {isa = PBXFileReference; fileEncoding = 4; lastKnownFileType = sourcecode.swift; path = Day10InputSampleC.swift; sourceTree = "<group>"; };
		63FC95EE2B26C22200A073DB /* Day10InputSampleD.swift */ = {isa = PBXFileReference; fileEncoding = 4; lastKnownFileType = sourcecode.swift; path = Day10InputSampleD.swift; sourceTree = "<group>"; };
		63FC95F02B26C23800A073DB /* Day10InputSampleE.swift */ = {isa = PBXFileReference; fileEncoding = 4; lastKnownFileType = sourcecode.swift; path = Day10InputSampleE.swift; sourceTree = "<group>"; };
		63FC95F32B27F36D00A073DB /* Day11.swift */ = {isa = PBXFileReference; lastKnownFileType = sourcecode.swift; path = Day11.swift; sourceTree = "<group>"; };
		63FC95F52B27F37E00A073DB /* Day11Input.swift */ = {isa = PBXFileReference; lastKnownFileType = sourcecode.swift; path = Day11Input.swift; sourceTree = "<group>"; };
		63FC95F72B27F38900A073DB /* Day11InputSample.swift */ = {isa = PBXFileReference; lastKnownFileType = sourcecode.swift; path = Day11InputSample.swift; sourceTree = "<group>"; };
		63FC95F92B27F39700A073DB /* Day11Telescope.swift */ = {isa = PBXFileReference; lastKnownFileType = sourcecode.swift; path = Day11Telescope.swift; sourceTree = "<group>"; };
/* End PBXFileReference section */

/* Begin PBXFrameworksBuildPhase section */
		6394FF492B1B840700867949 /* Frameworks */ = {
			isa = PBXFrameworksBuildPhase;
			buildActionMask = 2147483647;
			files = (
			);
			runOnlyForDeploymentPostprocessing = 0;
		};
/* End PBXFrameworksBuildPhase section */

/* Begin PBXGroup section */
		632F61912B209E3E0040CD1D /* day-5 */ = {
			isa = PBXGroup;
			children = (
				632F61922B209E4D0040CD1D /* Day5.swift */,
				632F61942B209E5B0040CD1D /* Day5Input.swift */,
				632F61962B209E640040CD1D /* Day5InputSample.swift */,
				632F61982B209E9E0040CD1D /* Day5Almanac.swift */,
			);
			path = "day-5";
			sourceTree = "<group>";
		};
		6355C7F92B294A1B007A88DF /* day-12 */ = {
			isa = PBXGroup;
			children = (
				6355C7FA2B294A2A007A88DF /* Day12.swift */,
				6355C7FC2B294A32007A88DF /* Day12Input.swift */,
				6355C7FE2B294A3B007A88DF /* Day12InputSample.swift */,
				6355C8002B294A5F007A88DF /* Day12Springs.swift */,
			);
			path = "day-12";
			sourceTree = "<group>";
		};
		6394FF432B1B840600867949 = {
			isa = PBXGroup;
			children = (
				6355C8022B2A17C5007A88DF /* Range.swift */,
				6394FF7C2B1CD40500867949 /* ArrayExt.swift */,
				6394FF6F2B1BED1900867949 /* Error.swift */,
				6394FF652B1BBC6800867949 /* README.md */,
				6394FF4E2B1B840700867949 /* advent-of-code-2023 */,
				6394FF4D2B1B840700867949 /* Products */,
			);
			sourceTree = "<group>";
		};
		6394FF4D2B1B840700867949 /* Products */ = {
			isa = PBXGroup;
			children = (
				6394FF4C2B1B840700867949 /* advent-of-code-2023 */,
			);
			name = Products;
			sourceTree = "<group>";
		};
		6394FF4E2B1B840700867949 /* advent-of-code-2023 */ = {
			isa = PBXGroup;
			children = (
				6355C7F92B294A1B007A88DF /* day-12 */,
				63FC95F22B27F36500A073DB /* day-11 */,
				63FC95E12B2609CB00A073DB /* day-10 */,
				63FC95D82B24B95000A073DB /* day-9 */,
				63FC95CB2B23813400A073DB /* day-8 */,
				63FC95C22B22BAC900A073DB /* day-7 */,
				63BFA8242B22A9700057CE10 /* day-6 */,
				632F61912B209E3E0040CD1D /* day-5 */,
				6394FF7E2B1E889000867949 /* day-4 */,
				6394FF732B1CC5B700867949 /* day-3 */,
				6394FF682B1BE10E00867949 /* day-2 */,
				6394FF562B1B842600867949 /* day-1 */,
				6394FF4F2B1B840700867949 /* main.swift */,
				6394FF592B1B861600867949 /* DayOfCode.swift */,
				6394FF5F2B1BA05300867949 /* DayOfCodeInput.swift */,
			);
			path = "advent-of-code-2023";
			sourceTree = "<group>";
		};
		6394FF562B1B842600867949 /* day-1 */ = {
			isa = PBXGroup;
			children = (
				6394FF572B1B843C00867949 /* Day1.swift */,
				6394FF5D2B1B9FB800867949 /* Day1InputSample1.swift */,
				6394FF632B1BB53100867949 /* Day1InputSample2.swift */,
				6394FF612B1BA0CC00867949 /* Day1Input.swift */,
			);
			path = "day-1";
			sourceTree = "<group>";
		};
		6394FF682B1BE10E00867949 /* day-2 */ = {
			isa = PBXGroup;
			children = (
				6394FF6B2B1BE17000867949 /* Day2InputSample.swift */,
				6394FF712B1BFE6500867949 /* Day2Input.swift */,
				6394FF692B1BE14C00867949 /* Day2.swift */,
				6394FF6D2B1BE20200867949 /* Day2Game.swift */,
			);
			path = "day-2";
			sourceTree = "<group>";
		};
		6394FF732B1CC5B700867949 /* day-3 */ = {
			isa = PBXGroup;
			children = (
				6394FF742B1CC5C900867949 /* Day3.swift */,
				6394FF762B1CC5DA00867949 /* Day3InputSample.swift */,
				6394FF782B1CC5E300867949 /* Day3Input.swift */,
				6394FF7A2B1CC68300867949 /* Day3Engine.swift */,
			);
			path = "day-3";
			sourceTree = "<group>";
		};
		6394FF7E2B1E889000867949 /* day-4 */ = {
			isa = PBXGroup;
			children = (
				6394FF7F2B1E88A300867949 /* Day4.swift */,
				6394FF822B1E88C500867949 /* Day4InputSample.swift */,
				6394FF842B1E88D600867949 /* Day4Input.swift */,
				6394FF862B1E897B00867949 /* Day4Lottery.swift */,
			);
			path = "day-4";
			sourceTree = "<group>";
		};
		63BFA8242B22A9700057CE10 /* day-6 */ = {
			isa = PBXGroup;
			children = (
				63BFA8252B22A98B0057CE10 /* Day6.swift */,
				63BFA8272B22A99D0057CE10 /* Day6Race.swift */,
				63BFA8292B22A9A60057CE10 /* Day6Input.swift */,
				63BFA82B2B22A9B20057CE10 /* Day6InputSample.swift */,
			);
			path = "day-6";
			sourceTree = "<group>";
		};
		63FC95C22B22BAC900A073DB /* day-7 */ = {
			isa = PBXGroup;
			children = (
				63FC95C32B22BAD500A073DB /* Day7.swift */,
				63FC95C52B22BADD00A073DB /* Day7Input.swift */,
				63FC95C72B22BAE900A073DB /* Day7InputSample.swift */,
				63FC95C92B22BAFE00A073DB /* Day7CamelCards.swift */,
			);
			path = "day-7";
			sourceTree = "<group>";
		};
		63FC95CB2B23813400A073DB /* day-8 */ = {
			isa = PBXGroup;
			children = (
				63FC95CC2B23814300A073DB /* Day8.swift */,
				63FC95CE2B23814E00A073DB /* Day8Input.swift */,
				63FC95D02B23815900A073DB /* Day8InputSampleA.swift */,
				63FC95D22B23816400A073DB /* Day8Map.swift */,
				63FC95D42B23818700A073DB /* Day8InputSampleB.swift */,
				63FC95D62B240EBA00A073DB /* Day8InputSampleC.swift */,
			);
			path = "day-8";
			sourceTree = "<group>";
		};
		63FC95D82B24B95000A073DB /* day-9 */ = {
			isa = PBXGroup;
			children = (
				63FC95D92B24B95B00A073DB /* Day9.swift */,
				63FC95DB2B24B96400A073DB /* Day9Input.swift */,
				63FC95DD2B24B97300A073DB /* Day9InputSample.swift */,
				63FC95DF2B24B99D00A073DB /* Day9OASIS.swift */,
			);
			path = "day-9";
			sourceTree = "<group>";
		};
		63FC95E12B2609CB00A073DB /* day-10 */ = {
			isa = PBXGroup;
			children = (
				63FC95E22B2609D900A073DB /* Day10.swift */,
				63FC95E42B2609ED00A073DB /* Day10Input.swift */,
				63FC95E62B2609F900A073DB /* Day10InputSampleA.swift */,
				63FC95E82B260A0700A073DB /* Day10InputSampleB.swift */,
				63FC95EC2B26BF3300A073DB /* Day10InputSampleC.swift */,
				63FC95EE2B26C22200A073DB /* Day10InputSampleD.swift */,
				63FC95F02B26C23800A073DB /* Day10InputSampleE.swift */,
				63FC95EA2B260A1000A073DB /* Day10Maze.swift */,
			);
			path = "day-10";
			sourceTree = "<group>";
		};
		63FC95F22B27F36500A073DB /* day-11 */ = {
			isa = PBXGroup;
			children = (
				63FC95F32B27F36D00A073DB /* Day11.swift */,
				63FC95F52B27F37E00A073DB /* Day11Input.swift */,
				63FC95F72B27F38900A073DB /* Day11InputSample.swift */,
				63FC95F92B27F39700A073DB /* Day11Telescope.swift */,
			);
			path = "day-11";
			sourceTree = "<group>";
		};
/* End PBXGroup section */

/* Begin PBXNativeTarget section */
		6394FF4B2B1B840700867949 /* advent-of-code-2023 */ = {
			isa = PBXNativeTarget;
			buildConfigurationList = 6394FF532B1B840700867949 /* Build configuration list for PBXNativeTarget "advent-of-code-2023" */;
			buildPhases = (
				6394FF482B1B840700867949 /* Sources */,
				6394FF492B1B840700867949 /* Frameworks */,
				6394FF4A2B1B840700867949 /* CopyFiles */,
			);
			buildRules = (
			);
			dependencies = (
			);
			name = "advent-of-code-2023";
			productName = "advent-of-code-2023";
			productReference = 6394FF4C2B1B840700867949 /* advent-of-code-2023 */;
			productType = "com.apple.product-type.tool";
		};
/* End PBXNativeTarget section */

/* Begin PBXProject section */
		6394FF442B1B840600867949 /* Project object */ = {
			isa = PBXProject;
			attributes = {
				BuildIndependentTargetsInParallel = 1;
				LastSwiftUpdateCheck = 1500;
				LastUpgradeCheck = 1500;
				TargetAttributes = {
					6394FF4B2B1B840700867949 = {
						CreatedOnToolsVersion = 15.0.1;
					};
				};
			};
			buildConfigurationList = 6394FF472B1B840600867949 /* Build configuration list for PBXProject "advent-of-code-2023" */;
			compatibilityVersion = "Xcode 14.0";
			developmentRegion = en;
			hasScannedForEncodings = 0;
			knownRegions = (
				en,
				Base,
			);
			mainGroup = 6394FF432B1B840600867949;
			productRefGroup = 6394FF4D2B1B840700867949 /* Products */;
			projectDirPath = "";
			projectRoot = "";
			targets = (
				6394FF4B2B1B840700867949 /* advent-of-code-2023 */,
			);
		};
/* End PBXProject section */

/* Begin PBXSourcesBuildPhase section */
		6394FF482B1B840700867949 /* Sources */ = {
			isa = PBXSourcesBuildPhase;
			buildActionMask = 2147483647;
			files = (
				63FC95E52B2609ED00A073DB /* Day10Input.swift in Sources */,
				6394FF602B1BA05300867949 /* DayOfCodeInput.swift in Sources */,
				6355C8012B294A5F007A88DF /* Day12Springs.swift in Sources */,
				6394FF872B1E897B00867949 /* Day4Lottery.swift in Sources */,
				632F61932B209E4D0040CD1D /* Day5.swift in Sources */,
				6394FF6E2B1BE20200867949 /* Day2Game.swift in Sources */,
				63FC95D12B23815900A073DB /* Day8InputSampleA.swift in Sources */,
				63FC95EB2B260A1000A073DB /* Day10Maze.swift in Sources */,
				63FC95F82B27F38900A073DB /* Day11InputSample.swift in Sources */,
				63BFA82C2B22A9B20057CE10 /* Day6InputSample.swift in Sources */,
				632F61992B209E9E0040CD1D /* Day5Almanac.swift in Sources */,
				6394FF832B1E88C500867949 /* Day4InputSample.swift in Sources */,
				6394FF7B2B1CC68300867949 /* Day3Engine.swift in Sources */,
				63FC95DE2B24B97300A073DB /* Day9InputSample.swift in Sources */,
				63FC95C62B22BADD00A073DB /* Day7Input.swift in Sources */,
				63FC95EF2B26C22200A073DB /* Day10InputSampleD.swift in Sources */,
				63FC95F42B27F36D00A073DB /* Day11.swift in Sources */,
				6394FF5A2B1B861600867949 /* DayOfCode.swift in Sources */,
				63FC95F12B26C23800A073DB /* Day10InputSampleE.swift in Sources */,
				6394FF702B1BED1900867949 /* Error.swift in Sources */,
				6355C7FD2B294A32007A88DF /* Day12Input.swift in Sources */,
				6394FF5E2B1B9FB800867949 /* Day1InputSample1.swift in Sources */,
				6394FF6C2B1BE17000867949 /* Day2InputSample.swift in Sources */,
				63FC95CF2B23814E00A073DB /* Day8Input.swift in Sources */,
				6394FF802B1E88A300867949 /* Day4.swift in Sources */,
				63FC95DC2B24B96400A073DB /* Day9Input.swift in Sources */,
				6394FF722B1BFE6500867949 /* Day2Input.swift in Sources */,
				6394FF772B1CC5DA00867949 /* Day3InputSample.swift in Sources */,
				63BFA82A2B22A9A60057CE10 /* Day6Input.swift in Sources */,
				63FC95C42B22BAD500A073DB /* Day7.swift in Sources */,
				63FC95D72B240EBA00A073DB /* Day8InputSampleC.swift in Sources */,
				63FC95E72B2609F900A073DB /* Day10InputSampleA.swift in Sources */,
				632F61972B209E640040CD1D /* Day5InputSample.swift in Sources */,
				6394FF622B1BA0CC00867949 /* Day1Input.swift in Sources */,
				6394FF852B1E88D600867949 /* Day4Input.swift in Sources */,
				63FC95D52B23818700A073DB /* Day8InputSampleB.swift in Sources */,
				632F61952B209E5B0040CD1D /* Day5Input.swift in Sources */,
				6394FF642B1BB53100867949 /* Day1InputSample2.swift in Sources */,
				63FC95E32B2609D900A073DB /* Day10.swift in Sources */,
				6355C8032B2A17C5007A88DF /* Range.swift in Sources */,
				63FC95FA2B27F39700A073DB /* Day11Telescope.swift in Sources */,
				63FC95C82B22BAE900A073DB /* Day7InputSample.swift in Sources */,
				6355C7FF2B294A3B007A88DF /* Day12InputSample.swift in Sources */,
				6355C7FB2B294A2A007A88DF /* Day12.swift in Sources */,
				63FC95E02B24B99D00A073DB /* Day9OASIS.swift in Sources */,
				6394FF6A2B1BE14C00867949 /* Day2.swift in Sources */,
				63FC95D32B23816400A073DB /* Day8Map.swift in Sources */,
				6394FF582B1B843C00867949 /* Day1.swift in Sources */,
				6394FF7D2B1CD40500867949 /* ArrayExt.swift in Sources */,
				6394FF792B1CC5E300867949 /* Day3Input.swift in Sources */,
				63BFA8262B22A98B0057CE10 /* Day6.swift in Sources */,
				63FC95E92B260A0700A073DB /* Day10InputSampleB.swift in Sources */,
				63FC95CD2B23814300A073DB /* Day8.swift in Sources */,
				6394FF752B1CC5C900867949 /* Day3.swift in Sources */,
				63FC95F62B27F37E00A073DB /* Day11Input.swift in Sources */,
				63FC95DA2B24B95B00A073DB /* Day9.swift in Sources */,
				6394FF502B1B840700867949 /* main.swift in Sources */,
				63FC95CA2B22BAFE00A073DB /* Day7CamelCards.swift in Sources */,
				63FC95ED2B26BF3300A073DB /* Day10InputSampleC.swift in Sources */,
				63BFA8282B22A99D0057CE10 /* Day6Race.swift in Sources */,
			);
			runOnlyForDeploymentPostprocessing = 0;
		};
/* End PBXSourcesBuildPhase section */

/* Begin XCBuildConfiguration section */
		6394FF512B1B840700867949 /* Debug */ = {
			isa = XCBuildConfiguration;
			buildSettings = {
				ALWAYS_SEARCH_USER_PATHS = NO;
				ASSETCATALOG_COMPILER_GENERATE_SWIFT_ASSET_SYMBOL_EXTENSIONS = YES;
				CLANG_ANALYZER_NONNULL = YES;
				CLANG_ANALYZER_NUMBER_OBJECT_CONVERSION = YES_AGGRESSIVE;
				CLANG_CXX_LANGUAGE_STANDARD = "gnu++20";
				CLANG_ENABLE_MODULES = YES;
				CLANG_ENABLE_OBJC_ARC = YES;
				CLANG_ENABLE_OBJC_WEAK = YES;
				CLANG_WARN_BLOCK_CAPTURE_AUTORELEASING = YES;
				CLANG_WARN_BOOL_CONVERSION = YES;
				CLANG_WARN_COMMA = YES;
				CLANG_WARN_CONSTANT_CONVERSION = YES;
				CLANG_WARN_DEPRECATED_OBJC_IMPLEMENTATIONS = YES;
				CLANG_WARN_DIRECT_OBJC_ISA_USAGE = YES_ERROR;
				CLANG_WARN_DOCUMENTATION_COMMENTS = YES;
				CLANG_WARN_EMPTY_BODY = YES;
				CLANG_WARN_ENUM_CONVERSION = YES;
				CLANG_WARN_INFINITE_RECURSION = YES;
				CLANG_WARN_INT_CONVERSION = YES;
				CLANG_WARN_NON_LITERAL_NULL_CONVERSION = YES;
				CLANG_WARN_OBJC_IMPLICIT_RETAIN_SELF = YES;
				CLANG_WARN_OBJC_LITERAL_CONVERSION = YES;
				CLANG_WARN_OBJC_ROOT_CLASS = YES_ERROR;
				CLANG_WARN_QUOTED_INCLUDE_IN_FRAMEWORK_HEADER = YES;
				CLANG_WARN_RANGE_LOOP_ANALYSIS = YES;
				CLANG_WARN_STRICT_PROTOTYPES = YES;
				CLANG_WARN_SUSPICIOUS_MOVE = YES;
				CLANG_WARN_UNGUARDED_AVAILABILITY = YES_AGGRESSIVE;
				CLANG_WARN_UNREACHABLE_CODE = YES;
				CLANG_WARN__DUPLICATE_METHOD_MATCH = YES;
				COPY_PHASE_STRIP = NO;
				DEBUG_INFORMATION_FORMAT = dwarf;
				ENABLE_STRICT_OBJC_MSGSEND = YES;
				ENABLE_TESTABILITY = YES;
				ENABLE_USER_SCRIPT_SANDBOXING = YES;
				GCC_C_LANGUAGE_STANDARD = gnu17;
				GCC_DYNAMIC_NO_PIC = NO;
				GCC_NO_COMMON_BLOCKS = YES;
				GCC_OPTIMIZATION_LEVEL = 0;
				GCC_PREPROCESSOR_DEFINITIONS = (
					"DEBUG=1",
					"$(inherited)",
				);
				GCC_WARN_64_TO_32_BIT_CONVERSION = YES;
				GCC_WARN_ABOUT_RETURN_TYPE = YES_ERROR;
				GCC_WARN_UNDECLARED_SELECTOR = YES;
				GCC_WARN_UNINITIALIZED_AUTOS = YES_AGGRESSIVE;
				GCC_WARN_UNUSED_FUNCTION = YES;
				GCC_WARN_UNUSED_VARIABLE = YES;
				LOCALIZATION_PREFERS_STRING_CATALOGS = YES;
				MACOSX_DEPLOYMENT_TARGET = 14.0;
				MTL_ENABLE_DEBUG_INFO = INCLUDE_SOURCE;
				MTL_FAST_MATH = YES;
				ONLY_ACTIVE_ARCH = YES;
				SDKROOT = macosx;
				SWIFT_ACTIVE_COMPILATION_CONDITIONS = "DEBUG $(inherited)";
				SWIFT_OPTIMIZATION_LEVEL = "-Onone";
			};
			name = Debug;
		};
		6394FF522B1B840700867949 /* Release */ = {
			isa = XCBuildConfiguration;
			buildSettings = {
				ALWAYS_SEARCH_USER_PATHS = NO;
				ASSETCATALOG_COMPILER_GENERATE_SWIFT_ASSET_SYMBOL_EXTENSIONS = YES;
				CLANG_ANALYZER_NONNULL = YES;
				CLANG_ANALYZER_NUMBER_OBJECT_CONVERSION = YES_AGGRESSIVE;
				CLANG_CXX_LANGUAGE_STANDARD = "gnu++20";
				CLANG_ENABLE_MODULES = YES;
				CLANG_ENABLE_OBJC_ARC = YES;
				CLANG_ENABLE_OBJC_WEAK = YES;
				CLANG_WARN_BLOCK_CAPTURE_AUTORELEASING = YES;
				CLANG_WARN_BOOL_CONVERSION = YES;
				CLANG_WARN_COMMA = YES;
				CLANG_WARN_CONSTANT_CONVERSION = YES;
				CLANG_WARN_DEPRECATED_OBJC_IMPLEMENTATIONS = YES;
				CLANG_WARN_DIRECT_OBJC_ISA_USAGE = YES_ERROR;
				CLANG_WARN_DOCUMENTATION_COMMENTS = YES;
				CLANG_WARN_EMPTY_BODY = YES;
				CLANG_WARN_ENUM_CONVERSION = YES;
				CLANG_WARN_INFINITE_RECURSION = YES;
				CLANG_WARN_INT_CONVERSION = YES;
				CLANG_WARN_NON_LITERAL_NULL_CONVERSION = YES;
				CLANG_WARN_OBJC_IMPLICIT_RETAIN_SELF = YES;
				CLANG_WARN_OBJC_LITERAL_CONVERSION = YES;
				CLANG_WARN_OBJC_ROOT_CLASS = YES_ERROR;
				CLANG_WARN_QUOTED_INCLUDE_IN_FRAMEWORK_HEADER = YES;
				CLANG_WARN_RANGE_LOOP_ANALYSIS = YES;
				CLANG_WARN_STRICT_PROTOTYPES = YES;
				CLANG_WARN_SUSPICIOUS_MOVE = YES;
				CLANG_WARN_UNGUARDED_AVAILABILITY = YES_AGGRESSIVE;
				CLANG_WARN_UNREACHABLE_CODE = YES;
				CLANG_WARN__DUPLICATE_METHOD_MATCH = YES;
				COPY_PHASE_STRIP = NO;
				DEBUG_INFORMATION_FORMAT = "dwarf-with-dsym";
				ENABLE_NS_ASSERTIONS = NO;
				ENABLE_STRICT_OBJC_MSGSEND = YES;
				ENABLE_USER_SCRIPT_SANDBOXING = YES;
				GCC_C_LANGUAGE_STANDARD = gnu17;
				GCC_NO_COMMON_BLOCKS = YES;
				GCC_WARN_64_TO_32_BIT_CONVERSION = YES;
				GCC_WARN_ABOUT_RETURN_TYPE = YES_ERROR;
				GCC_WARN_UNDECLARED_SELECTOR = YES;
				GCC_WARN_UNINITIALIZED_AUTOS = YES_AGGRESSIVE;
				GCC_WARN_UNUSED_FUNCTION = YES;
				GCC_WARN_UNUSED_VARIABLE = YES;
				LOCALIZATION_PREFERS_STRING_CATALOGS = YES;
				MACOSX_DEPLOYMENT_TARGET = 14.0;
				MTL_ENABLE_DEBUG_INFO = NO;
				MTL_FAST_MATH = YES;
				SDKROOT = macosx;
				SWIFT_COMPILATION_MODE = wholemodule;
			};
			name = Release;
		};
		6394FF542B1B840700867949 /* Debug */ = {
			isa = XCBuildConfiguration;
			buildSettings = {
				CODE_SIGN_STYLE = Automatic;
				DEVELOPMENT_TEAM = 2S8XRKWUM6;
				ENABLE_HARDENED_RUNTIME = YES;
				PRODUCT_NAME = "$(TARGET_NAME)";
				SWIFT_VERSION = 5.0;
			};
			name = Debug;
		};
		6394FF552B1B840700867949 /* Release */ = {
			isa = XCBuildConfiguration;
			buildSettings = {
				CODE_SIGN_STYLE = Automatic;
				DEVELOPMENT_TEAM = 2S8XRKWUM6;
				ENABLE_HARDENED_RUNTIME = YES;
				PRODUCT_NAME = "$(TARGET_NAME)";
				SWIFT_VERSION = 5.0;
			};
			name = Release;
		};
/* End XCBuildConfiguration section */

/* Begin XCConfigurationList section */
		6394FF472B1B840600867949 /* Build configuration list for PBXProject "advent-of-code-2023" */ = {
			isa = XCConfigurationList;
			buildConfigurations = (
				6394FF512B1B840700867949 /* Debug */,
				6394FF522B1B840700867949 /* Release */,
			);
			defaultConfigurationIsVisible = 0;
			defaultConfigurationName = Release;
		};
		6394FF532B1B840700867949 /* Build configuration list for PBXNativeTarget "advent-of-code-2023" */ = {
			isa = XCConfigurationList;
			buildConfigurations = (
				6394FF542B1B840700867949 /* Debug */,
				6394FF552B1B840700867949 /* Release */,
			);
			defaultConfigurationIsVisible = 0;
			defaultConfigurationName = Release;
		};
/* End XCConfigurationList section */
	};
	rootObject = 6394FF442B1B840600867949 /* Project object */;
}
